
Microsoft Visual Studio Solution File, Format Version 12.00
# Visual Studio Version 17
VisualStudioVersion = 17.1.32407.343
MinimumVisualStudioVersion = 10.0.40219.1
Project("{FAE04EC0-301F-11D3-BF4B-00C04F79EFBC}") = "LearningAzure", "LearningAzure.csproj", "{BCEE69F2-9D55-462A-816D-395A498ADEDD}"
EndProject
Global
	GlobalSection(SolutionConfigurationPlatforms) = preSolution
		Debug|Any CPU = Debug|Any CPU
		Release|Any CPU = Release|Any CPU
	EndGlobalSection
	GlobalSection(ProjectConfigurationPlatforms) = postSolution
		{BCEE69F2-9D55-462A-816D-395A498ADEDD}.Debug|Any CPU.ActiveCfg = Debug|Any CPU
		{BCEE69F2-9D55-462A-816D-395A498ADEDD}.Debug|Any CPU.Build.0 = Debug|Any CPU
		{BCEE69F2-9D55-462A-816D-395A498ADEDD}.Release|Any CPU.ActiveCfg = Release|Any CPU
		{BCEE69F2-9D55-462A-816D-395A498ADEDD}.Release|Any CPU.Build.0 = Release|Any CPU
	EndGlobalSection
	GlobalSection(SolutionProperties) = preSolution
		HideSolutionNode = FALSE
	EndGlobalSection
	GlobalSection(ExtensibilityGlobals) = postSolution
		SolutionGuid = {B2E5EB9D-6A8C-40D9-B3E4-157D635CE5B3}
	EndGlobalSection
EndGlobal
